
Microsoft Visual Studio Solution File, Format Version 12.00
# Visual Studio Version 16
VisualStudioVersion = 16.0.31005.135
MinimumVisualStudioVersion = 10.0.40219.1
Project("{9A19103F-16F7-4668-BE54-9A1E7A4F7556}") = "ConsoleApp1", "ConsoleApp1\ConsoleApp1.csproj", "{F749073F-3FCE-4C60-A25C-38BA7FC39EC6}"
EndProject
Global
	GlobalSection(SolutionConfigurationPlatforms) = preSolution
		Debug|Any CPU = Debug|Any CPU
		Release|Any CPU = Release|Any CPU
	EndGlobalSection
	GlobalSection(ProjectConfigurationPlatforms) = postSolution
		{F749073F-3FCE-4C60-A25C-38BA7FC39EC6}.Debug|Any CPU.ActiveCfg = Debug|Any CPU
		{F749073F-3FCE-4C60-A25C-38BA7FC39EC6}.Debug|Any CPU.Build.0 = Debug|Any CPU
		{F749073F-3FCE-4C60-A25C-38BA7FC39EC6}.Release|Any CPU.ActiveCfg = Release|Any CPU
		{F749073F-3FCE-4C60-A25C-38BA7FC39EC6}.Release|Any CPU.Build.0 = Release|Any CPU
	EndGlobalSection
	GlobalSection(SolutionProperties) = preSolution
		HideSolutionNode = FALSE
	EndGlobalSection
	GlobalSection(ExtensibilityGlobals) = postSolution
		VisualSVNWorkingCopyRoot = .
		SolutionGuid = {FAAA5AFC-3377-4615-A306-D8A244D13594}
	EndGlobalSection
EndGlobal
